# Generated by pub
# See https://dart.dev/tools/pub/glossary#lockfile
packages:
  _flutterfire_internals:
    dependency: transitive
    description:
      name: _flutterfire_internals
      sha256: "5dce45a06d386358334eb1689108db6455d90ceb0d75848d5f4819283d4ee2b8"
      url: "https://pub.dev"
    source: hosted
    version: "1.3.4"
  args:
    dependency: transitive
    description:
      name: args
      sha256: eef6c46b622e0494a36c5a12d10d77fb4e855501a91c1b9ef9339326e58f0596
      url: "https://pub.dev"
    source: hosted
    version: "2.4.2"
  async:
    dependency: transitive
    description:
      name: async
      sha256: "947bfcf187f74dbc5e146c9eb9c0f10c9f8b30743e341481c1e2ed3ecc18c20c"
      url: "https://pub.dev"
    source: hosted
    version: "2.11.0"
  boolean_selector:
    dependency: transitive
    description:
      name: boolean_selector
      sha256: "6cfb5af12253eaf2b368f07bacc5a80d1301a071c73360d746b7f2e32d762c66"
      url: "https://pub.dev"
    source: hosted
    version: "2.1.1"
  characters:
    dependency: transitive
    description:
      name: characters
      sha256: "04a925763edad70e8443c99234dc3328f442e811f1d8fd1a72f1c8ad0f69a605"
      url: "https://pub.dev"
    source: hosted
    version: "1.3.0"
  clock:
    dependency: transitive
    description:
      name: clock
      sha256: cb6d7f03e1de671e34607e909a7213e31d7752be4fb66a86d29fe1eb14bfb5cf
      url: "https://pub.dev"
    source: hosted
    version: "1.1.1"
  collection:
    dependency: transitive
    description:
      name: collection
      sha256: ee67cb0715911d28db6bf4af1026078bd6f0128b07a5f66fb2ed94ec6783c09a
      url: "https://pub.dev"
    source: hosted
    version: "1.18.0"
  connectivity:
    dependency: "direct main"
    description:
      name: connectivity
      sha256: a8e91263cf3e25fb5cc95e19dfde4999e32a648ac3b9e8a558a28165731678f8
      url: "https://pub.dev"
    source: hosted
    version: "3.0.6"
  connectivity_for_web:
    dependency: transitive
    description:
      name: connectivity_for_web
      sha256: "01a390c1d5adc2ed1fa1f52d120c07fe9fd01166a93f965a832fd6cfc0ea6482"
      url: "https://pub.dev"
    source: hosted
    version: "0.4.0+1"
  connectivity_macos:
    dependency: transitive
    description:
      name: connectivity_macos
      sha256: "51ae08d5162eca9669b9d8951ed83ce19c5355a81149f94e4dee2740beb93628"
      url: "https://pub.dev"
    source: hosted
    version: "0.2.1+2"
  connectivity_platform_interface:
    dependency: transitive
    description:
      name: connectivity_platform_interface
      sha256: "2d82e942df9d49f29a24bb07fb5ce085d4a53e47818c62364d2b6deb9e0d7a8e"
      url: "https://pub.dev"
    source: hosted
    version: "2.0.1"
  country_code_picker:
    dependency: "direct main"
    description:
      name: country_code_picker
      sha256: "92818885f0e47486539f80463b66f649970506a91dd3c0731ca3ba5308324a4d"
      url: "https://pub.dev"
    source: hosted
    version: "3.0.0"
  cross_file:
    dependency: transitive
    description:
      name: cross_file
      sha256: "0b0036e8cccbfbe0555fd83c1d31a6f30b77a96b598b35a5d36dd41f718695e9"
      url: "https://pub.dev"
    source: hosted
    version: "0.3.3+4"
  crypto:
    dependency: transitive
    description:
      name: crypto
      sha256: ff625774173754681d66daaf4a448684fb04b78f902da9cb3d308c19cc5e8bab
      url: "https://pub.dev"
    source: hosted
    version: "3.0.3"
  csslib:
    dependency: transitive
    description:
      name: csslib
      sha256: "706b5707578e0c1b4b7550f64078f0a0f19dec3f50a178ffae7006b0a9ca58fb"
      url: "https://pub.dev"
    source: hosted
    version: "1.0.0"
  cupertino_icons:
    dependency: "direct main"
    description:
      name: cupertino_icons
      sha256: e35129dc44c9118cee2a5603506d823bab99c68393879edb440e0090d07586be
      url: "https://pub.dev"
    source: hosted
    version: "1.0.5"
  dbus:
    dependency: transitive
    description:
      name: dbus
      sha256: "6f07cba3f7b3448d42d015bfd3d53fe12e5b36da2423f23838efc1d5fb31a263"
      url: "https://pub.dev"
    source: hosted
    version: "0.7.8"
  device_info_plus:
    dependency: transitive
    description:
      name: device_info_plus
      sha256: "2c35b6d1682b028e42d07b3aee4b98fa62996c10bc12cb651ec856a80d6a761b"
      url: "https://pub.dev"
    source: hosted
    version: "9.0.2"
  device_info_plus_platform_interface:
    dependency: transitive
    description:
      name: device_info_plus_platform_interface
      sha256: d3b01d5868b50ae571cd1dc6e502fc94d956b665756180f7b16ead09e836fd64
      url: "https://pub.dev"
    source: hosted
    version: "7.0.0"
  dio:
    dependency: "direct main"
    description:
      name: dio
      sha256: "3866d67f93523161b643187af65f5ac08bc991a5bcdaf41a2d587fe4ccb49993"
      url: "https://pub.dev"
    source: hosted
    version: "5.3.0"
  fake_async:
    dependency: transitive
    description:
      name: fake_async
      sha256: "511392330127add0b769b75a987850d136345d9227c6b94c96a04cf4a391bf78"
      url: "https://pub.dev"
    source: hosted
    version: "1.3.1"
  ffi:
    dependency: transitive
    description:
      name: ffi
      sha256: ed5337a5660c506388a9f012be0288fb38b49020ce2b45fe1f8b8323fe429f99
      url: "https://pub.dev"
    source: hosted
    version: "2.0.2"
  file:
    dependency: "direct main"
    description:
      name: file
      sha256: "1b92bec4fc2a72f59a8e15af5f52cd441e4a7860b49499d69dfa817af20e925d"
      url: "https://pub.dev"
    source: hosted
    version: "6.1.4"
  file_selector_linux:
    dependency: transitive
    description:
      name: file_selector_linux
      sha256: "770eb1ab057b5ae4326d1c24cc57710758b9a46026349d021d6311bd27580046"
      url: "https://pub.dev"
    source: hosted
    version: "0.9.2"
  file_selector_macos:
    dependency: transitive
    description:
      name: file_selector_macos
      sha256: "4ada532862917bf16e3adb3891fe3a5917a58bae03293e497082203a80909412"
      url: "https://pub.dev"
    source: hosted
    version: "0.9.3+1"
  file_selector_platform_interface:
    dependency: transitive
    description:
      name: file_selector_platform_interface
      sha256: "412705a646a0ae90f33f37acfae6a0f7cbc02222d6cd34e479421c3e74d3853c"
      url: "https://pub.dev"
    source: hosted
    version: "2.6.0"
  file_selector_windows:
    dependency: transitive
    description:
      name: file_selector_windows
      sha256: "1372760c6b389842b77156203308940558a2817360154084368608413835fc26"
      url: "https://pub.dev"
    source: hosted
    version: "0.9.3"
  firebase_analytics:
    dependency: "direct main"
    description:
      name: firebase_analytics
      sha256: d7494294bdb56a58ab6c4cfef377693835c43fa3610707346b98892fd7c4b634
      url: "https://pub.dev"
    source: hosted
    version: "10.4.4"
  firebase_analytics_platform_interface:
    dependency: transitive
    description:
      name: firebase_analytics_platform_interface
      sha256: bcb32ac53c494bd6deb61dcd02087418ae96d063ce522a4004974a32545c3f2b
      url: "https://pub.dev"
    source: hosted
    version: "3.6.4"
  firebase_analytics_web:
    dependency: transitive
    description:
      name: firebase_analytics_web
      sha256: "2f7d8ab97b46a747730f580b5a38b3e5330efb54c16af48613a6f729cc5f57fa"
      url: "https://pub.dev"
    source: hosted
    version: "0.5.4+4"
  firebase_core:
    dependency: "direct main"
    description:
      name: firebase_core
      sha256: "2e9324f719e90200dc7d3c4f5d2abc26052f9f2b995d3b6626c47a0dfe1c8192"
      url: "https://pub.dev"
    source: hosted
    version: "2.15.0"
  firebase_core_platform_interface:
    dependency: "direct main"
    description:
      name: firebase_core_platform_interface
      sha256: b63e3be6c96ef5c33bdec1aab23c91eb00696f6452f0519401d640938c94cba2
      url: "https://pub.dev"
    source: hosted
    version: "4.8.0"
  firebase_core_web:
    dependency: transitive
    description:
      name: firebase_core_web
      sha256: "0fd5c4b228de29b55fac38aed0d9e42514b3d3bd47675de52bf7f8fccaf922fa"
      url: "https://pub.dev"
    source: hosted
    version: "2.6.0"
  firebase_messaging:
    dependency: "direct main"
    description:
      name: firebase_messaging
      sha256: "8ac91d83a028eef050de770f1dc98421e215714d245f34de7b154d436676fbd0"
      url: "https://pub.dev"
    source: hosted
    version: "14.6.5"
  firebase_messaging_platform_interface:
    dependency: transitive
    description:
      name: firebase_messaging_platform_interface
      sha256: b2995e3640efb646e9ebf0e2fa50dea84895f0746a31d7e3af0e5e009a533a1a
      url: "https://pub.dev"
    source: hosted
    version: "4.5.4"
  firebase_messaging_web:
    dependency: transitive
    description:
      name: firebase_messaging_web
      sha256: "5d8446a28339124a2cb4f57a6ca454a3aca7d0c5c0cdfa5707afb192f7c830a7"
      url: "https://pub.dev"
    source: hosted
    version: "3.5.4"
  flutter:
    dependency: "direct main"
    description: flutter
    source: sdk
    version: "0.0.0"
  flutter_advanced_drawer:
    dependency: "direct main"
    description:
      name: flutter_advanced_drawer
      sha256: d0d12b6b9bc65a481c37c22a4f59b5d400cddb46f1fe4b1682e7d91a0b724c91
      url: "https://pub.dev"
    source: hosted
    version: "1.3.5"
  flutter_dash:
    dependency: "direct main"
    description:
      name: flutter_dash
      sha256: dc282109cc12806853e102a4e8b9d99abb7f527fcedec2ea03860e2500ee6622
      url: "https://pub.dev"
    source: hosted
    version: "1.0.0"
  flutter_lints:
    dependency: "direct dev"
    description:
      name: flutter_lints
      sha256: "2118df84ef0c3ca93f96123a616ae8540879991b8b57af2f81b76a7ada49b2a4"
      url: "https://pub.dev"
    source: hosted
    version: "2.0.2"
  flutter_local_notifications:
    dependency: "direct main"
    description:
      name: flutter_local_notifications
      sha256: aea96b3b78556c97607d9bee59fcec515bc3ec1b6e905f14d72906ae055033fa
      url: "https://pub.dev"
    source: hosted
    version: "14.1.2"
  flutter_local_notifications_linux:
    dependency: transitive
    description:
      name: flutter_local_notifications_linux
      sha256: "33f741ef47b5f63cc7f78fe75eeeac7e19f171ff3c3df054d84c1e38bedb6a03"
      url: "https://pub.dev"
    source: hosted
    version: "4.0.0+1"
  flutter_local_notifications_platform_interface:
    dependency: transitive
    description:
      name: flutter_local_notifications_platform_interface
      sha256: "7cf643d6d5022f3baed0be777b0662cce5919c0a7b86e700299f22dc4ae660ef"
      url: "https://pub.dev"
    source: hosted
    version: "7.0.0+1"
  flutter_plugin_android_lifecycle:
    dependency: transitive
    description:
      name: flutter_plugin_android_lifecycle
      sha256: "950e77c2bbe1692bc0874fc7fb491b96a4dc340457f4ea1641443d0a6c1ea360"
      url: "https://pub.dev"
    source: hosted
    version: "2.0.15"
  flutter_test:
    dependency: "direct dev"
    description: flutter
    source: sdk
    version: "0.0.0"
  flutter_web_plugins:
    dependency: transitive
    description: flutter
    source: sdk
    version: "0.0.0"
  flutter_widget_from_html_core:
    dependency: "direct main"
    description:
      name: flutter_widget_from_html_core
      sha256: b733a240388736fcf40692920033dc3a749155dc49c840f6c0e4a732f553908b
      url: "https://pub.dev"
    source: hosted
    version: "0.10.3"
  fwfh_text_style:
    dependency: "direct main"
    description:
      name: fwfh_text_style
      sha256: "5f8b587fd223a6bf14aad3d3da5e7ced0628becbd0768f8e7ae25ff6b9f3d2ec"
      url: "https://pub.dev"
    source: hosted
    version: "2.23.8"
  geocoding:
    dependency: "direct main"
    description:
      name: geocoding
      sha256: b34c0501bbbaf3190b85bef3078b27cf66c28a8915c6d3af50d67f356aa7da31
      url: "https://pub.dev"
    source: hosted
    version: "2.1.0"
  geocoding_android:
    dependency: transitive
    description:
      name: geocoding_android
      sha256: "609db1d71bc364dd9d0616f72a41c01e0c74f3a3807efb85e0d5a67e57baf50f"
      url: "https://pub.dev"
    source: hosted
    version: "2.1.2"
  geocoding_ios:
    dependency: transitive
    description:
      name: geocoding_ios
      sha256: c85495ce8fb34e4fbd2dd8fc5f79263d622d9f88c4af948c965daf6b27a7f3a1
      url: "https://pub.dev"
    source: hosted
    version: "2.1.0"
  geocoding_platform_interface:
    dependency: transitive
    description:
      name: geocoding_platform_interface
      sha256: "8848605d307d844d89937cdb4b8ad7dfa880552078f310fa24d8a460f6dddab4"
      url: "https://pub.dev"
    source: hosted
    version: "2.0.1"
  geolocator:
    dependency: "direct main"
    description:
      name: geolocator
      sha256: "5c23f3613f50586c0bbb2b8f970240ae66b3bd992088cf60dd5ee2e6f7dde3a8"
      url: "https://pub.dev"
    source: hosted
    version: "9.0.2"
  geolocator_android:
    dependency: transitive
    description:
      name: geolocator_android
      sha256: b06c72853c993ae533f482d81a12805d7a441f5231d9668718bc7131d7464082
      url: "https://pub.dev"
    source: hosted
    version: "4.2.0"
  geolocator_apple:
    dependency: transitive
    description:
      name: geolocator_apple
      sha256: "36527c555f4c425f7d8fa8c7c07d67b78e3ff7590d40448051959e1860c1cfb4"
      url: "https://pub.dev"
    source: hosted
    version: "2.2.7"
  geolocator_platform_interface:
    dependency: transitive
    description:
      name: geolocator_platform_interface
      sha256: af4d69231452f9620718588f41acc4cb58312368716bfff2e92e770b46ce6386
      url: "https://pub.dev"
    source: hosted
    version: "4.0.7"
  geolocator_web:
    dependency: transitive
    description:
      name: geolocator_web
      sha256: f68a122da48fcfff68bbc9846bb0b74ef651afe84a1b1f6ec20939de4d6860e1
      url: "https://pub.dev"
    source: hosted
    version: "2.1.6"
  geolocator_windows:
    dependency: transitive
    description:
      name: geolocator_windows
      sha256: f5911c88e23f48b598dd506c7c19eff0e001645bdc03bb6fecb9f4549208354d
      url: "https://pub.dev"
    source: hosted
    version: "0.1.1"
  get:
    dependency: "direct main"
    description:
      name: get
      sha256: "2ba20a47c8f1f233bed775ba2dd0d3ac97b4cf32fc17731b3dfc672b06b0e92a"
      url: "https://pub.dev"
    source: hosted
    version: "4.6.5"
  get_it:
    dependency: "direct main"
    description:
      name: get_it
      sha256: "529de303c739fca98cd7ece5fca500d8ff89649f1bb4b4e94fb20954abcd7468"
      url: "https://pub.dev"
    source: hosted
    version: "7.6.0"
  google_maps:
    dependency: transitive
    description:
      name: google_maps
      sha256: "555d5d736339b0478e821167ac521c810d7b51c3b2734e6802a9f046b64ea37a"
      url: "https://pub.dev"
    source: hosted
    version: "6.3.0"
  google_maps_flutter:
    dependency: "direct main"
    description:
      name: google_maps_flutter
      sha256: c290921cd1750b5ede99c82dcaa84740da86278e6ed0f83ad29752b29a8552c6
      url: "https://pub.dev"
    source: hosted
    version: "2.4.0"
  google_maps_flutter_android:
    dependency: transitive
    description:
      name: google_maps_flutter_android
      sha256: "9512c862df77c1f0fa5f445513dd3c57f5996f0a809dccb74e54b690ee4e3a0f"
      url: "https://pub.dev"
    source: hosted
    version: "2.4.15"
  google_maps_flutter_ios:
    dependency: transitive
    description:
      name: google_maps_flutter_ios
      sha256: a9462a433bf3ebe60aadcf4906d2d6341a270d69d3e0fcaa8eb2b64699fcfb4f
      url: "https://pub.dev"
    source: hosted
    version: "2.2.3"
  google_maps_flutter_platform_interface:
    dependency: transitive
    description:
      name: google_maps_flutter_platform_interface
      sha256: b363e9a1ef7d063fb21ec8eef5a450db4b0500cc39712c9410b5cc64013d6fc6
      url: "https://pub.dev"
    source: hosted
    version: "2.4.0"
  google_maps_flutter_web:
    dependency: transitive
    description:
      name: google_maps_flutter_web
      sha256: "15303a2ddd04e21ace41c823de8396a61857a61fed4c145f25ca1fc76628c40c"
      url: "https://pub.dev"
    source: hosted
    version: "0.5.2"
  html:
    dependency: transitive
    description:
      name: html
      sha256: "3a7812d5bcd2894edf53dfaf8cd640876cf6cef50a8f238745c8b8120ea74d3a"
      url: "https://pub.dev"
    source: hosted
    version: "0.15.4"
  http:
    dependency: "direct main"
    description:
      name: http
      sha256: "5895291c13fa8a3bd82e76d5627f69e0d85ca6a30dcac95c4ea19a5d555879c2"
      url: "https://pub.dev"
    source: hosted
    version: "0.13.6"
  http_parser:
    dependency: transitive
    description:
      name: http_parser
      sha256: "2aa08ce0341cc9b354a498388e30986515406668dbcc4f7c950c3e715496693b"
      url: "https://pub.dev"
    source: hosted
    version: "4.0.2"
  image_picker:
    dependency: "direct main"
    description:
      name: image_picker
      sha256: b6951e25b795d053a6ba03af5f710069c99349de9341af95155d52665cb4607c
      url: "https://pub.dev"
    source: hosted
    version: "0.8.9"
  image_picker_android:
    dependency: transitive
    description:
      name: image_picker_android
      sha256: "8179b54039b50eee561676232304f487602e2950ffb3e8995ed9034d6505ca34"
      url: "https://pub.dev"
    source: hosted
    version: "0.8.7+4"
  image_picker_for_web:
    dependency: transitive
    description:
      name: image_picker_for_web
      sha256: "869fe8a64771b7afbc99fc433a5f7be2fea4d1cb3d7c11a48b6b579eb9c797f0"
      url: "https://pub.dev"
    source: hosted
    version: "2.2.0"
  image_picker_ios:
    dependency: transitive
    description:
      name: image_picker_ios
      sha256: b3e2f21feb28b24dd73a35d7ad6e83f568337c70afab5eabac876e23803f264b
      url: "https://pub.dev"
    source: hosted
    version: "0.8.8"
  image_picker_linux:
    dependency: transitive
    description:
      name: image_picker_linux
      sha256: "02cbc21fe1706b97942b575966e5fbbeaac535e76deef70d3a242e4afb857831"
      url: "https://pub.dev"
    source: hosted
    version: "0.2.1"
  image_picker_macos:
    dependency: transitive
    description:
      name: image_picker_macos
      sha256: cee2aa86c56780c13af2c77b5f2f72973464db204569e1ba2dd744459a065af4
      url: "https://pub.dev"
    source: hosted
    version: "0.2.1"
  image_picker_platform_interface:
    dependency: transitive
    description:
      name: image_picker_platform_interface
      sha256: c1134543ae2187e85299996d21c526b2f403854994026d575ae4cf30d7bb2a32
      url: "https://pub.dev"
    source: hosted
    version: "2.9.0"
  image_picker_windows:
    dependency: transitive
    description:
      name: image_picker_windows
      sha256: c3066601ea42113922232c7b7b3330a2d86f029f685bba99d82c30e799914952
      url: "https://pub.dev"
    source: hosted
    version: "0.2.1"
  intl:
    dependency: "direct main"
    description:
      name: intl
      sha256: "3bc132a9dbce73a7e4a21a17d06e1878839ffbf975568bc875c60537824b0c4d"
      url: "https://pub.dev"
    source: hosted
    version: "0.18.1"
  js:
    dependency: transitive
    description:
      name: js
      sha256: f2c445dce49627136094980615a031419f7f3eb393237e4ecd97ac15dea343f3
      url: "https://pub.dev"
    source: hosted
    version: "0.6.7"
<<<<<<< HEAD
  js_wrapping:
    dependency: transitive
    description:
      name: js_wrapping
      sha256: e385980f7c76a8c1c9a560dfb623b890975841542471eade630b2871d243851c
      url: "https://pub.dev"
    source: hosted
    version: "0.7.4"
=======
  leak_tracker:
    dependency: transitive
    description:
      name: leak_tracker
      sha256: "04be76c4a4bb50f14904e64749237e541e7c7bcf7ec0b196907322ab5d2fc739"
      url: "https://pub.dev"
    source: hosted
    version: "9.0.16"
  leak_tracker_testing:
    dependency: transitive
    description:
      name: leak_tracker_testing
      sha256: b06739349ec2477e943055aea30172c5c7000225f79dad4702e2ec0eda79a6ff
      url: "https://pub.dev"
    source: hosted
    version: "1.0.5"
>>>>>>> 05e710efe671595c54d2342bbaa13c16c960181d
  lints:
    dependency: transitive
    description:
      name: lints
      sha256: "0a217c6c989d21039f1498c3ed9f3ed71b354e69873f13a8dfc3c9fe76f1b452"
      url: "https://pub.dev"
    source: hosted
    version: "2.1.1"
  location:
    dependency: "direct main"
    description:
      name: location
      sha256: "9051959f6f2ccadd887b28b66e9cbbcc25b6838e37cf9e894c421ccc0ebf80b5"
      url: "https://pub.dev"
    source: hosted
    version: "4.4.0"
  location_platform_interface:
    dependency: transitive
    description:
      name: location_platform_interface
      sha256: "62eeaf1658e92e4459b727f55a3c328eccbac8ba043fa6d262ac5286ad48384c"
      url: "https://pub.dev"
    source: hosted
    version: "2.3.0"
  location_web:
    dependency: transitive
    description:
      name: location_web
      sha256: "6c08c408a040534c0269c4ff9fe17eebb5a36dea16512fbaf116b9c8bc21545b"
      url: "https://pub.dev"
    source: hosted
    version: "3.1.1"
  matcher:
    dependency: transitive
    description:
      name: matcher
<<<<<<< HEAD
      sha256: "6501fbd55da300384b768785b83e5ce66991266cec21af89ab9ae7f5ce1c4cbb"
      url: "https://pub.dev"
    source: hosted
    version: "0.12.15"
=======
      sha256: "1803e76e6653768d64ed8ff2e1e67bea3ad4b923eb5c56a295c3e634bad5960e"
      url: "https://pub.dev"
    source: hosted
    version: "0.12.16"
>>>>>>> 05e710efe671595c54d2342bbaa13c16c960181d
  material_color_utilities:
    dependency: transitive
    description:
      name: material_color_utilities
      sha256: "0e0a020085b65b6083975e499759762399b4475f766c21668c4ecca34ea74e5a"
      url: "https://pub.dev"
    source: hosted
    version: "0.8.0"
  meta:
    dependency: transitive
    description:
      name: meta
<<<<<<< HEAD
      sha256: "3c74dbf8763d36539f114c799d8a2d87343b5067e9d796ca22b5eb8437090ee3"
      url: "https://pub.dev"
    source: hosted
    version: "1.9.1"
  mime:
    dependency: transitive
    description:
      name: mime
      sha256: e4ff8e8564c03f255408decd16e7899da1733852a9110a58fe6d1b817684a63e
      url: "https://pub.dev"
    source: hosted
    version: "1.0.4"
=======
      sha256: d584fa6707a52763a52446f02cc621b077888fb63b93bbcb1143a7be5a0c0c04
      url: "https://pub.dev"
    source: hosted
    version: "1.11.0"
>>>>>>> 05e710efe671595c54d2342bbaa13c16c960181d
  modal_bottom_sheet:
    dependency: "direct main"
    description:
      name: modal_bottom_sheet
      sha256: ef533916a2c3089571c32bd34e410faca77a6849a3f28f748e0794525c5658a0
      url: "https://pub.dev"
    source: hosted
    version: "2.1.2"
  path:
    dependency: transitive
    description:
      name: path
      sha256: "8829d8a55c13fc0e37127c29fedf290c102f4e40ae94ada574091fe0ff96c917"
      url: "https://pub.dev"
    source: hosted
    version: "1.8.3"
  path_provider:
    dependency: "direct main"
    description:
      name: path_provider
      sha256: "3087813781ab814e4157b172f1a11c46be20179fcc9bea043e0fba36bc0acaa2"
      url: "https://pub.dev"
    source: hosted
    version: "2.0.15"
  path_provider_android:
    dependency: transitive
    description:
      name: path_provider_android
      sha256: "2cec049d282c7f13c594b4a73976b0b4f2d7a1838a6dd5aaf7bd9719196bee86"
      url: "https://pub.dev"
    source: hosted
    version: "2.0.27"
  path_provider_foundation:
    dependency: transitive
    description:
      name: path_provider_foundation
      sha256: "916731ccbdce44d545414dd9961f26ba5fbaa74bcbb55237d8e65a623a8c7297"
      url: "https://pub.dev"
    source: hosted
    version: "2.2.4"
  path_provider_linux:
    dependency: transitive
    description:
      name: path_provider_linux
      sha256: ffbb8cc9ed2c9ec0e4b7a541e56fd79b138e8f47d2fb86815f15358a349b3b57
      url: "https://pub.dev"
    source: hosted
    version: "2.1.11"
  path_provider_platform_interface:
    dependency: transitive
    description:
      name: path_provider_platform_interface
      sha256: "57585299a729335f1298b43245842678cb9f43a6310351b18fb577d6e33165ec"
      url: "https://pub.dev"
    source: hosted
    version: "2.0.6"
  path_provider_windows:
    dependency: transitive
    description:
      name: path_provider_windows
      sha256: "1cb68ba4cd3a795033de62ba1b7b4564dace301f952de6bfb3cd91b202b6ee96"
      url: "https://pub.dev"
    source: hosted
    version: "2.1.7"
  petitparser:
    dependency: transitive
    description:
      name: petitparser
      sha256: cb3798bef7fc021ac45b308f4b51208a152792445cce0448c9a4ba5879dd8750
      url: "https://pub.dev"
    source: hosted
    version: "5.4.0"
  phone_number:
    dependency: "direct main"
    description:
      name: phone_number
      sha256: "42cac4ca32146d83cc8a9c8432dc2d901d40334f0e2b02a3ec7d8237b80ebec3"
      url: "https://pub.dev"
    source: hosted
    version: "1.0.0"
  platform:
    dependency: transitive
    description:
      name: platform
      sha256: "4a451831508d7d6ca779f7ac6e212b4023dd5a7d08a27a63da33756410e32b76"
      url: "https://pub.dev"
    source: hosted
    version: "3.1.0"
  plugin_platform_interface:
    dependency: transitive
    description:
      name: plugin_platform_interface
      sha256: "43798d895c929056255600343db8f049921cbec94d31ec87f1dc5c16c01935dd"
      url: "https://pub.dev"
    source: hosted
    version: "2.1.5"
  responsive_framework:
    dependency: "direct main"
    description:
      name: responsive_framework
      sha256: "97d4a8b9468c0ecaafe8566645d70cc59480e4b03704a1b936396e68775e2c34"
      url: "https://pub.dev"
    source: hosted
    version: "1.1.0"
  sanitize_html:
    dependency: transitive
    description:
      name: sanitize_html
      sha256: "0a445f19bbaa196f5a4f93461aa066b94e6e025622eb1e9bc77872a5e25233a5"
      url: "https://pub.dev"
    source: hosted
    version: "2.0.0"
  shared_preferences:
    dependency: "direct main"
    description:
      name: shared_preferences
      sha256: "0344316c947ffeb3a529eac929e1978fcd37c26be4e8468628bac399365a3ca1"
      url: "https://pub.dev"
    source: hosted
    version: "2.2.0"
  shared_preferences_android:
    dependency: transitive
    description:
      name: shared_preferences_android
      sha256: fe8401ec5b6dcd739a0fe9588802069e608c3fdbfd3c3c93e546cf2f90438076
      url: "https://pub.dev"
    source: hosted
    version: "2.2.0"
  shared_preferences_foundation:
    dependency: transitive
    description:
      name: shared_preferences_foundation
      sha256: f39696b83e844923b642ce9dd4bd31736c17e697f6731a5adf445b1274cf3cd4
      url: "https://pub.dev"
    source: hosted
    version: "2.3.2"
  shared_preferences_linux:
    dependency: transitive
    description:
      name: shared_preferences_linux
      sha256: "71d6806d1449b0a9d4e85e0c7a917771e672a3d5dc61149cc9fac871115018e1"
      url: "https://pub.dev"
    source: hosted
    version: "2.3.0"
  shared_preferences_platform_interface:
    dependency: transitive
    description:
      name: shared_preferences_platform_interface
      sha256: "23b052f17a25b90ff2b61aad4cc962154da76fb62848a9ce088efe30d7c50ab1"
      url: "https://pub.dev"
    source: hosted
    version: "2.3.0"
  shared_preferences_web:
    dependency: transitive
    description:
      name: shared_preferences_web
      sha256: "7347b194fb0bbeb4058e6a4e87ee70350b6b2b90f8ac5f8bd5b3a01548f6d33a"
      url: "https://pub.dev"
    source: hosted
    version: "2.2.0"
  shared_preferences_windows:
    dependency: transitive
    description:
      name: shared_preferences_windows
      sha256: f95e6a43162bce43c9c3405f3eb6f39e5b5d11f65fab19196cf8225e2777624d
      url: "https://pub.dev"
    source: hosted
    version: "2.3.0"
  shimmer:
    dependency: "direct main"
    description:
      name: shimmer
      sha256: "5f88c883a22e9f9f299e5ba0e4f7e6054857224976a5d9f839d4ebdc94a14ac9"
      url: "https://pub.dev"
    source: hosted
    version: "3.0.0"
  sky_engine:
    dependency: transitive
    description: flutter
    source: sdk
    version: "0.0.99"
  source_span:
    dependency: transitive
    description:
      name: source_span
      sha256: "53e943d4206a5e30df338fd4c6e7a077e02254531b138a15aec3bd143c1a8b3c"
      url: "https://pub.dev"
    source: hosted
    version: "1.10.0"
  stack_trace:
    dependency: transitive
    description:
      name: stack_trace
      sha256: "73713990125a6d93122541237550ee3352a2d84baad52d375a4cad2eb9b7ce0b"
      url: "https://pub.dev"
    source: hosted
    version: "1.11.1"
  stream_channel:
    dependency: transitive
    description:
      name: stream_channel
      sha256: ba2aa5d8cc609d96bbb2899c28934f9e1af5cddbd60a827822ea467161eb54e7
      url: "https://pub.dev"
    source: hosted
    version: "2.1.2"
  stream_transform:
    dependency: transitive
    description:
      name: stream_transform
      sha256: "14a00e794c7c11aa145a170587321aedce29769c08d7f58b1d141da75e3b1c6f"
      url: "https://pub.dev"
    source: hosted
    version: "2.1.0"
  string_scanner:
    dependency: transitive
    description:
      name: string_scanner
      sha256: "556692adab6cfa87322a115640c11f13cb77b3f076ddcc5d6ae3c20242bedcde"
      url: "https://pub.dev"
    source: hosted
    version: "1.2.0"
  term_glyph:
    dependency: transitive
    description:
      name: term_glyph
      sha256: a29248a84fbb7c79282b40b8c72a1209db169a2e0542bce341da992fe1bc7e84
      url: "https://pub.dev"
    source: hosted
    version: "1.2.1"
  test_api:
    dependency: transitive
    description:
      name: test_api
<<<<<<< HEAD
      sha256: eb6ac1540b26de412b3403a163d919ba86f6a973fe6cc50ae3541b80092fdcfb
      url: "https://pub.dev"
    source: hosted
    version: "0.5.1"
=======
      sha256: "5c2f730018264d276c20e4f1503fd1308dfbbae39ec8ee63c5236311ac06954b"
      url: "https://pub.dev"
    source: hosted
    version: "0.6.1"
>>>>>>> 05e710efe671595c54d2342bbaa13c16c960181d
  timeago:
    dependency: "direct main"
    description:
      name: timeago
      sha256: "4addcda362e51f23cf7ae2357fccd053f29d59b4ddd17fb07fc3e7febb47a456"
      url: "https://pub.dev"
    source: hosted
    version: "3.5.0"
  timezone:
    dependency: transitive
    description:
      name: timezone
      sha256: "1cfd8ddc2d1cfd836bc93e67b9be88c3adaeca6f40a00ca999104c30693cdca0"
      url: "https://pub.dev"
    source: hosted
    version: "0.9.2"
  typed_data:
    dependency: transitive
    description:
      name: typed_data
      sha256: facc8d6582f16042dd49f2463ff1bd6e2c9ef9f3d5da3d9b087e244a7b564b3c
      url: "https://pub.dev"
    source: hosted
    version: "1.3.2"
  universal_platform:
    dependency: "direct main"
    description:
      name: universal_platform
      sha256: d315be0f6641898b280ffa34e2ddb14f3d12b1a37882557869646e0cc363d0cc
      url: "https://pub.dev"
    source: hosted
    version: "1.0.0+1"
  url_launcher:
    dependency: "direct main"
    description:
      name: url_launcher
      sha256: "781bd58a1eb16069412365c98597726cd8810ae27435f04b3b4d3a470bacd61e"
      url: "https://pub.dev"
    source: hosted
    version: "6.1.12"
  url_launcher_android:
    dependency: transitive
    description:
      name: url_launcher_android
      sha256: "78cb6dea3e93148615109e58e42c35d1ffbf5ef66c44add673d0ab75f12ff3af"
      url: "https://pub.dev"
    source: hosted
    version: "6.0.37"
  url_launcher_ios:
    dependency: transitive
    description:
      name: url_launcher_ios
      sha256: "9af7ea73259886b92199f9e42c116072f05ff9bea2dcb339ab935dfc957392c2"
      url: "https://pub.dev"
    source: hosted
    version: "6.1.4"
  url_launcher_linux:
    dependency: transitive
    description:
      name: url_launcher_linux
      sha256: "207f4ddda99b95b4d4868320a352d374b0b7e05eefad95a4a26f57da413443f5"
      url: "https://pub.dev"
    source: hosted
    version: "3.0.5"
  url_launcher_macos:
    dependency: transitive
    description:
      name: url_launcher_macos
      sha256: "1c4fdc0bfea61a70792ce97157e5cc17260f61abbe4f39354513f39ec6fd73b1"
      url: "https://pub.dev"
    source: hosted
    version: "3.0.6"
  url_launcher_platform_interface:
    dependency: transitive
    description:
      name: url_launcher_platform_interface
      sha256: bfdfa402f1f3298637d71ca8ecfe840b4696698213d5346e9d12d4ab647ee2ea
      url: "https://pub.dev"
    source: hosted
    version: "2.1.3"
  url_launcher_web:
    dependency: transitive
    description:
      name: url_launcher_web
      sha256: cc26720eefe98c1b71d85f9dc7ef0cada5132617046369d9dc296b3ecaa5cbb4
      url: "https://pub.dev"
    source: hosted
    version: "2.0.18"
  url_launcher_windows:
    dependency: transitive
    description:
      name: url_launcher_windows
      sha256: "7967065dd2b5fccc18c653b97958fdf839c5478c28e767c61ee879f4e7882422"
      url: "https://pub.dev"
    source: hosted
    version: "3.0.7"
  url_strategy:
    dependency: "direct main"
    description:
      name: url_strategy
      sha256: "42b68b42a9864c4d710401add17ad06e28f1c1d5500c93b98c431f6b0ea4ab87"
      url: "https://pub.dev"
    source: hosted
    version: "0.2.0"
  uuid:
    dependency: transitive
    description:
      name: uuid
      sha256: "648e103079f7c64a36dc7d39369cabb358d377078a051d6ae2ad3aa539519313"
      url: "https://pub.dev"
    source: hosted
    version: "3.0.7"
  validate_ksa_number:
    dependency: "direct main"
    description:
      name: validate_ksa_number
      sha256: "3666293bc4778722652442ebf85b04f83683c96564060a8e1a8554e46a195ab6"
      url: "https://pub.dev"
    source: hosted
    version: "1.0.0"
  vector_math:
    dependency: transitive
    description:
      name: vector_math
      sha256: "80b3257d1492ce4d091729e3a67a60407d227c27241d6927be0130c98e741803"
      url: "https://pub.dev"
    source: hosted
    version: "2.1.4"
  vibration:
    dependency: "direct main"
    description:
      name: vibration
      sha256: d81f665bcb201f586c295a21f3fe8f1cb6dc32c81a213a99e9c714ec8e811ce5
      url: "https://pub.dev"
    source: hosted
<<<<<<< HEAD
    version: "1.8.1"
=======
    version: "1.7.7"
  vm_service:
    dependency: transitive
    description:
      name: vm_service
      sha256: b3d56ff4341b8f182b96aceb2fa20e3dcb336b9f867bc0eafc0de10f1048e957
      url: "https://pub.dev"
    source: hosted
    version: "13.0.0"
  web:
    dependency: transitive
    description:
      name: web
      sha256: edc8a9573dd8c5a83a183dae1af2b6fd4131377404706ca4e5420474784906fa
      url: "https://pub.dev"
    source: hosted
    version: "0.4.0"
>>>>>>> 05e710efe671595c54d2342bbaa13c16c960181d
  win32:
    dependency: transitive
    description:
      name: win32
      sha256: f2add6fa510d3ae152903412227bda57d0d5a8da61d2c39c1fb022c9429a41c0
      url: "https://pub.dev"
    source: hosted
    version: "5.0.6"
  win32_registry:
    dependency: transitive
    description:
      name: win32_registry
      sha256: e4506d60b7244251bc59df15656a3093501c37fb5af02105a944d73eb95be4c9
      url: "https://pub.dev"
    source: hosted
    version: "1.1.1"
  xdg_directories:
    dependency: transitive
    description:
      name: xdg_directories
      sha256: e0b1147eec179d3911f1f19b59206448f78195ca1d20514134e10641b7d7fbff
      url: "https://pub.dev"
    source: hosted
    version: "1.0.1"
  xml:
    dependency: transitive
    description:
      name: xml
      sha256: "5bc72e1e45e941d825fd7468b9b4cc3b9327942649aeb6fc5cdbf135f0a86e84"
      url: "https://pub.dev"
    source: hosted
    version: "6.3.0"
sdks:
<<<<<<< HEAD
  dart: ">=3.0.0 <4.0.0"
  flutter: ">=3.10.0"
=======
  dart: ">=3.2.0-194.0.dev <4.0.0"
  flutter: ">=3.14.0-0"
>>>>>>> 05e710efe671595c54d2342bbaa13c16c960181d
